
Microsoft Visual Studio Solution File, Format Version 12.00
# Visual Studio Version 17
VisualStudioVersion = 17.14.36121.58 d17.14
MinimumVisualStudioVersion = 10.0.40219.1
Project("{FAE04EC0-301F-11D3-BF4B-00C04F79EFBC}") = "Decorator RPG", "Decorator RPG\Decorator RPG.csproj", "{01F4A80C-53EC-45BC-9219-D38D1405EF44}"
EndProject
Global
	GlobalSection(SolutionConfigurationPlatforms) = preSolution
		Debug|Any CPU = Debug|Any CPU
		Release|Any CPU = Release|Any CPU
	EndGlobalSection
	GlobalSection(ProjectConfigurationPlatforms) = postSolution
		{01F4A80C-53EC-45BC-9219-D38D1405EF44}.Debug|Any CPU.ActiveCfg = Debug|Any CPU
		{01F4A80C-53EC-45BC-9219-D38D1405EF44}.Debug|Any CPU.Build.0 = Debug|Any CPU
		{01F4A80C-53EC-45BC-9219-D38D1405EF44}.Release|Any CPU.ActiveCfg = Release|Any CPU
		{01F4A80C-53EC-45BC-9219-D38D1405EF44}.Release|Any CPU.Build.0 = Release|Any CPU
	EndGlobalSection
	GlobalSection(SolutionProperties) = preSolution
		HideSolutionNode = FALSE
	EndGlobalSection
	GlobalSection(ExtensibilityGlobals) = postSolution
		SolutionGuid = {7B4B5C3F-1172-4229-9F7C-E326C4CBBC28}
	EndGlobalSection
EndGlobal
